PODS:
  - Differentiator (2.0.0)
  - PINCache (3.0.1-beta.5):
    - PINCache/Arc-exception-safe (= 3.0.1-beta.5)
    - PINCache/Core (= 3.0.1-beta.5)
  - PINCache/Arc-exception-safe (3.0.1-beta.5):
    - PINCache/Core
  - PINCache/Core (3.0.1-beta.5):
    - PINOperation (= 1.0.3)
  - PINOperation (1.0.3)
  - PINRemoteImage/Core (3.0.0-beta.11):
    - PINOperation
  - PINRemoteImage/iOS (3.0.0-beta.11):
    - PINRemoteImage/Core
  - PINRemoteImage/PINCache (3.0.0-beta.11):
    - PINCache (= 3.0.1-beta.5)
    - PINRemoteImage/Core
  - RxCocoa (3.6.1):
    - RxSwift (~> 3.6)
  - RxSwift (3.6.1)
  - Texture (2.3.4):
    - Texture/PINRemoteImage (= 2.3.4)
  - Texture/Core (2.3.4)
  - Texture/PINRemoteImage (2.3.4):
    - PINRemoteImage/iOS (= 3.0.0-beta.11)
    - PINRemoteImage/PINCache
    - Texture/Core

DEPENDENCIES:
  - Differentiator (from `https://github.com/RxSwiftCommunity/RxDataSources.git`, branch `master`)
  - RxCocoa
  - RxSwift
  - Texture

EXTERNAL SOURCES:
  Differentiator:
    :branch: master
    :git: https://github.com/RxSwiftCommunity/RxDataSources.git

CHECKOUT OPTIONS:
  Differentiator:
    :commit: d598b9a12b77971e14d3e6aaee41418ac842445d
    :git: https://github.com/RxSwiftCommunity/RxDataSources.git

SPEC CHECKSUMS:
  Differentiator: 43cd6e202e3ac1ca60b4cc83364584c76e9d2d7f
  PINCache: 98e7b1ef782824ad231ade51987c218b758c30d8
  PINOperation: ac23db44796d4a564ecf9b5ea7163510f579b71d
  PINRemoteImage: d71988f11914a050d6d4cf51efc4ad1de8c0a9d8
  RxCocoa: 84a08739ab186248c7f31ce4ee92d6f8a947d690
  RxSwift: f9de85ea20cd2f7716ee5409fc13523dc638e4e4
  Texture: 8cf0872fe33328c20d7e6c1fcbf1f23a82162f2f

PODFILE CHECKSUM: 9a8f14c1e9a4c9555d90e8174ad8f9ad8f024f6a

COCOAPODS: 1.3.0
