PODS:
  - Differentiator (3.1.0)
  - PINCache (3.0.1-beta.6):
    - PINCache/Arc-exception-safe (= 3.0.1-beta.6)
    - PINCache/Core (= 3.0.1-beta.6)
  - PINCache/Arc-exception-safe (3.0.1-beta.6):
    - PINCache/Core
  - PINCache/Core (3.0.1-beta.6):
    - PINOperation (~> 1.1.0)
  - PINOperation (1.1.1)
  - PINRemoteImage/Core (3.0.0-beta.13):
    - PINOperation
  - PINRemoteImage/iOS (3.0.0-beta.13):
    - PINRemoteImage/Core
  - PINRemoteImage/PINCache (3.0.0-beta.13):
    - PINCache (= 3.0.1-beta.6)
    - PINRemoteImage/Core
  - RxCocoa (4.0.0):
    - RxSwift (~> 4.0)
  - RxSwift (4.3.1)
  - Texture (2.6):
    - Texture/PINRemoteImage (= 2.6)
  - Texture/Core (2.6)
  - Texture/PINRemoteImage (2.6):
    - PINRemoteImage/iOS (= 3.0.0-beta.13)
    - PINRemoteImage/PINCache
    - Texture/Core

DEPENDENCIES:
  - Differentiator (~> 3.1.0)
  - RxCocoa
  - RxSwift (~> 4.3.0)
  - Texture (= 2.6)

SPEC REPOS:
  https://github.com/cocoapods/specs.git:
    - Differentiator
    - PINCache
    - PINOperation
    - PINRemoteImage
    - RxCocoa
    - RxSwift
    - Texture

SPEC CHECKSUMS:
  Differentiator: be49ca3408f0ecfc761e4c7763d20c62be01b9ad
  PINCache: d195fdba255283f7e9900a55e3cced377f431f9b
  PINOperation: a6219e6fc9db9c269eb7a7b871ac193bcf400aac
  PINRemoteImage: d6d51c5d2adda55f1ce30c96e850b6c4ebd2856a
  RxCocoa: d62846ca96495d862fa4c59ea7d87e5031d7340e
  RxSwift: fe0fd770a43acdb7d0a53da411c9b892e69bb6e4
  Texture: 7249074582daf75e524e59df5428b66b8e8db0e4

PODFILE CHECKSUM: f3082620b5c0c4020e39d59af1fac940a9165b0b

COCOAPODS: 1.5.3
