// !$*UTF8*$!
{
	archiveVersion = 1;
	classes = {
	};
	objectVersion = 48;
	objects = {

/* Begin PBXBuildFile section */
		574265651F64245D0059BD8F /* AsyncDisplayKit.framework in Frameworks */ = {isa = PBXBuildFile; fileRef = 57E563031F28FEB3002E825B /* AsyncDisplayKit.framework */; };
		574265661F64246E0059BD8F /* RxSwift.framework in Frameworks */ = {isa = PBXBuildFile; fileRef = 57E563051F28FEBD002E825B /* RxSwift.framework */; };
		574265671F6424830059BD8F /* RxCocoa.framework in Frameworks */ = {isa = PBXBuildFile; fileRef = 57E563071F28FEC4002E825B /* RxCocoa.framework */; };
		574265691F6424BE0059BD8F /* Differentiator.framework in Frameworks */ = {isa = PBXBuildFile; fileRef = 574265681F6424BE0059BD8F /* Differentiator.framework */; };
		57826BA01F29477000FB0414 /* RxASCollectionReloadDataSource.swift in Sources */ = {isa = PBXBuildFile; fileRef = 57826B9F1F29477000FB0414 /* RxASCollectionReloadDataSource.swift */; };
		57826BA21F29485500FB0414 /* RxASTableReloadDataSource.swift in Sources */ = {isa = PBXBuildFile; fileRef = 57826BA11F29485500FB0414 /* RxASTableReloadDataSource.swift */; };
		57826BAA1F29491800FB0414 /* AppDelegate.swift in Sources */ = {isa = PBXBuildFile; fileRef = 57826BA91F29491800FB0414 /* AppDelegate.swift */; };
		57826BAC1F29491800FB0414 /* ViewController.swift in Sources */ = {isa = PBXBuildFile; fileRef = 57826BAB1F29491800FB0414 /* ViewController.swift */; };
		57826BAF1F29491800FB0414 /* Main.storyboard in Resources */ = {isa = PBXBuildFile; fileRef = 57826BAD1F29491800FB0414 /* Main.storyboard */; };
		57826BB11F29491800FB0414 /* Assets.xcassets in Resources */ = {isa = PBXBuildFile; fileRef = 57826BB01F29491800FB0414 /* Assets.xcassets */; };
		57826BB41F29491800FB0414 /* LaunchScreen.storyboard in Resources */ = {isa = PBXBuildFile; fileRef = 57826BB21F29491800FB0414 /* LaunchScreen.storyboard */; };
		57826BBA1F2949D900FB0414 /* ASTableNode+Rx.swift in Sources */ = {isa = PBXBuildFile; fileRef = 57826BB91F2949D900FB0414 /* ASTableNode+Rx.swift */; };
		57826BBD1F294DC800FB0414 /* RxASCollectionDataSourceProxy.swift in Sources */ = {isa = PBXBuildFile; fileRef = 57E5635E1F291597002E825B /* RxASCollectionDataSourceProxy.swift */; };
		57826BBE1F294DC800FB0414 /* RxASCollectionDelegateProxy.swift in Sources */ = {isa = PBXBuildFile; fileRef = 57E5635F1F291597002E825B /* RxASCollectionDelegateProxy.swift */; };
		57826BBF1F294DC800FB0414 /* RxASTableDataSourceProxy.swift in Sources */ = {isa = PBXBuildFile; fileRef = 57E563601F291597002E825B /* RxASTableDataSourceProxy.swift */; };
		57826BC01F294DC800FB0414 /* RxASTableDelegateProxy.swift in Sources */ = {isa = PBXBuildFile; fileRef = 57E563611F291597002E825B /* RxASTableDelegateProxy.swift */; };
		57826BC11F294DCF00FB0414 /* RxHelpers.swift in Sources */ = {isa = PBXBuildFile; fileRef = 57E5632B1F290656002E825B /* RxHelpers.swift */; };
		57826BC21F294DCF00FB0414 /* ASDelegateProxy.swift in Sources */ = {isa = PBXBuildFile; fileRef = 57E5632D1F29066F002E825B /* ASDelegateProxy.swift */; };
		57826BC41F294DD200FB0414 /* ASCollectionNode+SectionViewType.swift in Sources */ = {isa = PBXBuildFile; fileRef = 57E563691F291A81002E825B /* ASCollectionNode+SectionViewType.swift */; };
		57826BC51F294DD200FB0414 /* ASCollectionSectionedDataSource.swift in Sources */ = {isa = PBXBuildFile; fileRef = 57E563541F290B8D002E825B /* ASCollectionSectionedDataSource.swift */; };
		57826BC61F294DD200FB0414 /* RxASCollectionDataSourceType.swift in Sources */ = {isa = PBXBuildFile; fileRef = 57E563501F2907B3002E825B /* RxASCollectionDataSourceType.swift */; };
		57826BC71F294DD200FB0414 /* RxASCollectionAnimatedDataSource.swift in Sources */ = {isa = PBXBuildFile; fileRef = 57E563661F29176A002E825B /* RxASCollectionAnimatedDataSource.swift */; };
		57826BC81F294DD200FB0414 /* RxASCollectionReloadDataSource.swift in Sources */ = {isa = PBXBuildFile; fileRef = 57826B9F1F29477000FB0414 /* RxASCollectionReloadDataSource.swift */; };
		57826BC91F294DD600FB0414 /* ASTableNode+Rx.swift in Sources */ = {isa = PBXBuildFile; fileRef = 57826BB91F2949D900FB0414 /* ASTableNode+Rx.swift */; };
		57826BCA1F294DD600FB0414 /* ASTableNode+SectionedViewType.swift in Sources */ = {isa = PBXBuildFile; fileRef = 57E5636B1F291ACC002E825B /* ASTableNode+SectionedViewType.swift */; };
		57826BCB1F294DD600FB0414 /* ASTableSectionedDataSource.swift in Sources */ = {isa = PBXBuildFile; fileRef = 57E563411F290718002E825B /* ASTableSectionedDataSource.swift */; };
		57826BCC1F294DD600FB0414 /* RxASTableDataSourceType.swift in Sources */ = {isa = PBXBuildFile; fileRef = 57E563441F290718002E825B /* RxASTableDataSourceType.swift */; };
		57826BCD1F294DD600FB0414 /* RxASTableAnimatedDataSource.swift in Sources */ = {isa = PBXBuildFile; fileRef = 57E563421F290718002E825B /* RxASTableAnimatedDataSource.swift */; };
		57826BCF1F294DD600FB0414 /* SectionedNodeType+BatchUpdate.swift in Sources */ = {isa = PBXBuildFile; fileRef = 57A64FFD1F1BF28D005C7A79 /* SectionedNodeType+BatchUpdate.swift */; };
		57826BD01F294DD600FB0414 /* Array+Extensions.swift in Sources */ = {isa = PBXBuildFile; fileRef = 57E563561F290FCD002E825B /* Array+Extensions.swift */; };
		57826BD11F294E4F00FB0414 /* RxASTableReloadDataSource.swift in Sources */ = {isa = PBXBuildFile; fileRef = 57826BA11F29485500FB0414 /* RxASTableReloadDataSource.swift */; };
		57A650101F1BF28D005C7A79 /* SectionedNodeType+BatchUpdate.swift in Sources */ = {isa = PBXBuildFile; fileRef = 57A64FFD1F1BF28D005C7A79 /* SectionedNodeType+BatchUpdate.swift */; };
		57DE26A41F1C5B5600EC4CF6 /* RxASDataSources.h in Headers */ = {isa = PBXBuildFile; fileRef = 57A650211F1BF309005C7A79 /* RxASDataSources.h */; settings = {ATTRIBUTES = (Public, ); }; };
		57E5632C1F290656002E825B /* RxHelpers.swift in Sources */ = {isa = PBXBuildFile; fileRef = 57E5632B1F290656002E825B /* RxHelpers.swift */; };
		57E5632E1F29066F002E825B /* ASDelegateProxy.swift in Sources */ = {isa = PBXBuildFile; fileRef = 57E5632D1F29066F002E825B /* ASDelegateProxy.swift */; };
		57E563481F290718002E825B /* ASTableSectionedDataSource.swift in Sources */ = {isa = PBXBuildFile; fileRef = 57E563411F290718002E825B /* ASTableSectionedDataSource.swift */; };
		57E563491F290718002E825B /* RxASTableAnimatedDataSource.swift in Sources */ = {isa = PBXBuildFile; fileRef = 57E563421F290718002E825B /* RxASTableAnimatedDataSource.swift */; };
		57E5634B1F290718002E825B /* RxASTableDataSourceType.swift in Sources */ = {isa = PBXBuildFile; fileRef = 57E563441F290718002E825B /* RxASTableDataSourceType.swift */; };
		57E563511F2907B3002E825B /* RxASCollectionDataSourceType.swift in Sources */ = {isa = PBXBuildFile; fileRef = 57E563501F2907B3002E825B /* RxASCollectionDataSourceType.swift */; };
		57E563551F290B8D002E825B /* ASCollectionSectionedDataSource.swift in Sources */ = {isa = PBXBuildFile; fileRef = 57E563541F290B8D002E825B /* ASCollectionSectionedDataSource.swift */; };
		57E563571F290FCD002E825B /* Array+Extensions.swift in Sources */ = {isa = PBXBuildFile; fileRef = 57E563561F290FCD002E825B /* Array+Extensions.swift */; };
		57E563621F291597002E825B /* RxASCollectionDataSourceProxy.swift in Sources */ = {isa = PBXBuildFile; fileRef = 57E5635E1F291597002E825B /* RxASCollectionDataSourceProxy.swift */; };
		57E563631F291597002E825B /* RxASCollectionDelegateProxy.swift in Sources */ = {isa = PBXBuildFile; fileRef = 57E5635F1F291597002E825B /* RxASCollectionDelegateProxy.swift */; };
		57E563641F291597002E825B /* RxASTableDataSourceProxy.swift in Sources */ = {isa = PBXBuildFile; fileRef = 57E563601F291597002E825B /* RxASTableDataSourceProxy.swift */; };
		57E563651F291597002E825B /* RxASTableDelegateProxy.swift in Sources */ = {isa = PBXBuildFile; fileRef = 57E563611F291597002E825B /* RxASTableDelegateProxy.swift */; };
		57E563671F29176A002E825B /* RxASCollectionAnimatedDataSource.swift in Sources */ = {isa = PBXBuildFile; fileRef = 57E563661F29176A002E825B /* RxASCollectionAnimatedDataSource.swift */; };
		57E5636A1F291A81002E825B /* ASCollectionNode+SectionViewType.swift in Sources */ = {isa = PBXBuildFile; fileRef = 57E563691F291A81002E825B /* ASCollectionNode+SectionViewType.swift */; };
		57E5636C1F291ACC002E825B /* ASTableNode+SectionedViewType.swift in Sources */ = {isa = PBXBuildFile; fileRef = 57E5636B1F291ACC002E825B /* ASTableNode+SectionedViewType.swift */; };
		6A520ADB1831906E0BCC284C /* Pods_Example.framework in Frameworks */ = {isa = PBXBuildFile; fileRef = 497271B10CB7AAE70BBDEAF0 /* Pods_Example.framework */; };
		ACB28E05200527CB0076CAC5 /* AnimationTransition.swift in Sources */ = {isa = PBXBuildFile; fileRef = ACB28E03200524DB0076CAC5 /* AnimationTransition.swift */; };
		ACB28E0720052A2C0076CAC5 /* ASCollectionNode+Rx.swift in Sources */ = {isa = PBXBuildFile; fileRef = ACB28E0620052A2C0076CAC5 /* ASCollectionNode+Rx.swift */; };
		ACB28E0820052B520076CAC5 /* ASCollectionNode+Rx.swift in Sources */ = {isa = PBXBuildFile; fileRef = ACB28E0620052A2C0076CAC5 /* ASCollectionNode+Rx.swift */; };
		ACB28E0920052B570076CAC5 /* AnimationTransition.swift in Sources */ = {isa = PBXBuildFile; fileRef = ACB28E03200524DB0076CAC5 /* AnimationTransition.swift */; };
/* End PBXBuildFile section */

/* Begin PBXFileReference section */
		1D239F80A6333F998A90AF83 /* Pods-Example.release.xcconfig */ = {isa = PBXFileReference; includeInIndex = 1; lastKnownFileType = text.xcconfig; name = "Pods-Example.release.xcconfig"; path = "Pods/Target Support Files/Pods-Example/Pods-Example.release.xcconfig"; sourceTree = "<group>"; };
		342A8012D316E430EE7D864E /* Pods-Example.debug.xcconfig */ = {isa = PBXFileReference; includeInIndex = 1; lastKnownFileType = text.xcconfig; name = "Pods-Example.debug.xcconfig"; path = "Pods/Target Support Files/Pods-Example/Pods-Example.debug.xcconfig"; sourceTree = "<group>"; };
		3549BB211DA389CD00C63030 /* RxASDataSources.framework */ = {isa = PBXFileReference; explicitFileType = wrapper.framework; includeInIndex = 0; path = RxASDataSources.framework; sourceTree = BUILT_PRODUCTS_DIR; };
		3549BB581DA38A8800C63030 /* Info.plist */ = {isa = PBXFileReference; fileEncoding = 4; lastKnownFileType = text.plist.xml; path = Info.plist; sourceTree = "<group>"; };
		3549BB8A1DA38C0A00C63030 /* RxTextureDataSourcesSpec.swift */ = {isa = PBXFileReference; fileEncoding = 4; lastKnownFileType = sourcecode.swift; path = RxTextureDataSourcesSpec.swift; sourceTree = "<group>"; };
		497271B10CB7AAE70BBDEAF0 /* Pods_Example.framework */ = {isa = PBXFileReference; explicitFileType = wrapper.framework; includeInIndex = 0; path = Pods_Example.framework; sourceTree = BUILT_PRODUCTS_DIR; };
		574265681F6424BE0059BD8F /* Differentiator.framework */ = {isa = PBXFileReference; lastKnownFileType = wrapper.framework; name = Differentiator.framework; path = "../../../../Users/sondt/Library/Developer/Xcode/DerivedData/RxTextureDataSources-hjacuybyhkyzareukzfcxgvmvvmv/Build/Products/Debug-iphonesimulator/Differentiator.framework"; sourceTree = "<group>"; };
		57826B9F1F29477000FB0414 /* RxASCollectionReloadDataSource.swift */ = {isa = PBXFileReference; fileEncoding = 4; lastKnownFileType = sourcecode.swift; path = RxASCollectionReloadDataSource.swift; sourceTree = "<group>"; };
		57826BA11F29485500FB0414 /* RxASTableReloadDataSource.swift */ = {isa = PBXFileReference; fileEncoding = 4; lastKnownFileType = sourcecode.swift; path = RxASTableReloadDataSource.swift; sourceTree = "<group>"; };
		57826BA71F29491800FB0414 /* Example.app */ = {isa = PBXFileReference; explicitFileType = wrapper.application; includeInIndex = 0; path = Example.app; sourceTree = BUILT_PRODUCTS_DIR; };
		57826BA91F29491800FB0414 /* AppDelegate.swift */ = {isa = PBXFileReference; lastKnownFileType = sourcecode.swift; path = AppDelegate.swift; sourceTree = "<group>"; };
		57826BAB1F29491800FB0414 /* ViewController.swift */ = {isa = PBXFileReference; lastKnownFileType = sourcecode.swift; path = ViewController.swift; sourceTree = "<group>"; };
		57826BAE1F29491800FB0414 /* Base */ = {isa = PBXFileReference; lastKnownFileType = file.storyboard; name = Base; path = Base.lproj/Main.storyboard; sourceTree = "<group>"; };
		57826BB01F29491800FB0414 /* Assets.xcassets */ = {isa = PBXFileReference; lastKnownFileType = folder.assetcatalog; path = Assets.xcassets; sourceTree = "<group>"; };
		57826BB31F29491800FB0414 /* Base */ = {isa = PBXFileReference; lastKnownFileType = file.storyboard; name = Base; path = Base.lproj/LaunchScreen.storyboard; sourceTree = "<group>"; };
		57826BB51F29491800FB0414 /* Info.plist */ = {isa = PBXFileReference; lastKnownFileType = text.plist.xml; path = Info.plist; sourceTree = "<group>"; };
		57826BB91F2949D900FB0414 /* ASTableNode+Rx.swift */ = {isa = PBXFileReference; fileEncoding = 4; lastKnownFileType = sourcecode.swift; path = "ASTableNode+Rx.swift"; sourceTree = "<group>"; };
		57A64FFD1F1BF28D005C7A79 /* SectionedNodeType+BatchUpdate.swift */ = {isa = PBXFileReference; fileEncoding = 4; lastKnownFileType = sourcecode.swift; path = "SectionedNodeType+BatchUpdate.swift"; sourceTree = "<group>"; };
		57A650201F1BF309005C7A79 /* Info.plist */ = {isa = PBXFileReference; fileEncoding = 4; lastKnownFileType = text.plist.xml; path = Info.plist; sourceTree = "<group>"; };
		57A650211F1BF309005C7A79 /* RxASDataSources.h */ = {isa = PBXFileReference; fileEncoding = 4; lastKnownFileType = sourcecode.c.h; path = RxASDataSources.h; sourceTree = "<group>"; };
		57E563031F28FEB3002E825B /* AsyncDisplayKit.framework */ = {isa = PBXFileReference; lastKnownFileType = wrapper.framework; name = AsyncDisplayKit.framework; path = "../../../../Users/sondt/Library/Developer/Xcode/DerivedData/RxTextureDataSources-hjacuybyhkyzareukzfcxgvmvvmv/Build/Products/Debug-iphonesimulator/AsyncDisplayKit.framework"; sourceTree = "<group>"; };
		57E563051F28FEBD002E825B /* RxSwift.framework */ = {isa = PBXFileReference; lastKnownFileType = wrapper.framework; name = RxSwift.framework; path = "../../../../Users/sondt/Library/Developer/Xcode/DerivedData/RxTextureDataSources-hjacuybyhkyzareukzfcxgvmvvmv/Build/Products/Debug-iphonesimulator/RxSwift.framework"; sourceTree = "<group>"; };
		57E563071F28FEC4002E825B /* RxCocoa.framework */ = {isa = PBXFileReference; lastKnownFileType = wrapper.framework; name = RxCocoa.framework; path = "../../../../Users/sondt/Library/Developer/Xcode/DerivedData/RxTextureDataSources-hjacuybyhkyzareukzfcxgvmvvmv/Build/Products/Debug-iphonesimulator/RxCocoa.framework"; sourceTree = "<group>"; };
		57E563091F28FECF002E825B /* RxDataSources.framework */ = {isa = PBXFileReference; lastKnownFileType = wrapper.framework; name = RxDataSources.framework; path = "../../../../Users/sondt/Library/Developer/Xcode/DerivedData/RxTextureDataSources-hjacuybyhkyzareukzfcxgvmvvmv/Build/Products/Debug-iphonesimulator/RxDataSources.framework"; sourceTree = "<group>"; };
		57E5632B1F290656002E825B /* RxHelpers.swift */ = {isa = PBXFileReference; fileEncoding = 4; lastKnownFileType = sourcecode.swift; path = RxHelpers.swift; sourceTree = "<group>"; };
		57E5632D1F29066F002E825B /* ASDelegateProxy.swift */ = {isa = PBXFileReference; fileEncoding = 4; lastKnownFileType = sourcecode.swift; path = ASDelegateProxy.swift; sourceTree = "<group>"; };
		57E563411F290718002E825B /* ASTableSectionedDataSource.swift */ = {isa = PBXFileReference; fileEncoding = 4; lastKnownFileType = sourcecode.swift; path = ASTableSectionedDataSource.swift; sourceTree = "<group>"; };
		57E563421F290718002E825B /* RxASTableAnimatedDataSource.swift */ = {isa = PBXFileReference; fileEncoding = 4; lastKnownFileType = sourcecode.swift; path = RxASTableAnimatedDataSource.swift; sourceTree = "<group>"; };
		57E563441F290718002E825B /* RxASTableDataSourceType.swift */ = {isa = PBXFileReference; fileEncoding = 4; lastKnownFileType = sourcecode.swift; path = RxASTableDataSourceType.swift; sourceTree = "<group>"; };
		57E563501F2907B3002E825B /* RxASCollectionDataSourceType.swift */ = {isa = PBXFileReference; fileEncoding = 4; lastKnownFileType = sourcecode.swift; path = RxASCollectionDataSourceType.swift; sourceTree = "<group>"; };
		57E563541F290B8D002E825B /* ASCollectionSectionedDataSource.swift */ = {isa = PBXFileReference; fileEncoding = 4; lastKnownFileType = sourcecode.swift; path = ASCollectionSectionedDataSource.swift; sourceTree = "<group>"; };
		57E563561F290FCD002E825B /* Array+Extensions.swift */ = {isa = PBXFileReference; fileEncoding = 4; lastKnownFileType = sourcecode.swift; path = "Array+Extensions.swift"; sourceTree = "<group>"; };
		57E5635E1F291597002E825B /* RxASCollectionDataSourceProxy.swift */ = {isa = PBXFileReference; fileEncoding = 4; lastKnownFileType = sourcecode.swift; path = RxASCollectionDataSourceProxy.swift; sourceTree = "<group>"; };
		57E5635F1F291597002E825B /* RxASCollectionDelegateProxy.swift */ = {isa = PBXFileReference; fileEncoding = 4; lastKnownFileType = sourcecode.swift; path = RxASCollectionDelegateProxy.swift; sourceTree = "<group>"; };
		57E563601F291597002E825B /* RxASTableDataSourceProxy.swift */ = {isa = PBXFileReference; fileEncoding = 4; lastKnownFileType = sourcecode.swift; path = RxASTableDataSourceProxy.swift; sourceTree = "<group>"; };
		57E563611F291597002E825B /* RxASTableDelegateProxy.swift */ = {isa = PBXFileReference; fileEncoding = 4; lastKnownFileType = sourcecode.swift; path = RxASTableDelegateProxy.swift; sourceTree = "<group>"; };
		57E563661F29176A002E825B /* RxASCollectionAnimatedDataSource.swift */ = {isa = PBXFileReference; fileEncoding = 4; lastKnownFileType = sourcecode.swift; path = RxASCollectionAnimatedDataSource.swift; sourceTree = "<group>"; };
		57E563691F291A81002E825B /* ASCollectionNode+SectionViewType.swift */ = {isa = PBXFileReference; fileEncoding = 4; lastKnownFileType = sourcecode.swift; path = "ASCollectionNode+SectionViewType.swift"; sourceTree = "<group>"; };
		57E5636B1F291ACC002E825B /* ASTableNode+SectionedViewType.swift */ = {isa = PBXFileReference; fileEncoding = 4; lastKnownFileType = sourcecode.swift; path = "ASTableNode+SectionedViewType.swift"; sourceTree = "<group>"; };
		5D6F346FB9800367EA3FFEA5 /* Pods_RxTextureDataSources_iOS.framework */ = {isa = PBXFileReference; explicitFileType = wrapper.framework; includeInIndex = 0; path = Pods_RxTextureDataSources_iOS.framework; sourceTree = BUILT_PRODUCTS_DIR; };
		ACB28E03200524DB0076CAC5 /* AnimationTransition.swift */ = {isa = PBXFileReference; lastKnownFileType = sourcecode.swift; path = AnimationTransition.swift; sourceTree = "<group>"; };
		ACB28E0620052A2C0076CAC5 /* ASCollectionNode+Rx.swift */ = {isa = PBXFileReference; fileEncoding = 4; lastKnownFileType = sourcecode.swift; path = "ASCollectionNode+Rx.swift"; sourceTree = "<group>"; };
/* End PBXFileReference section */

/* Begin PBXFrameworksBuildPhase section */
		3549BB1D1DA389CD00C63030 /* Frameworks */ = {
			isa = PBXFrameworksBuildPhase;
			buildActionMask = 2147483647;
			files = (
				574265691F6424BE0059BD8F /* Differentiator.framework in Frameworks */,
				574265671F6424830059BD8F /* RxCocoa.framework in Frameworks */,
				574265661F64246E0059BD8F /* RxSwift.framework in Frameworks */,
				574265651F64245D0059BD8F /* AsyncDisplayKit.framework in Frameworks */,
			);
			runOnlyForDeploymentPostprocessing = 0;
		};
		57826BA41F29491800FB0414 /* Frameworks */ = {
			isa = PBXFrameworksBuildPhase;
			buildActionMask = 2147483647;
			files = (
				6A520ADB1831906E0BCC284C /* Pods_Example.framework in Frameworks */,
			);
			runOnlyForDeploymentPostprocessing = 0;
		};
/* End PBXFrameworksBuildPhase section */

/* Begin PBXGroup section */
		3549BAFB1DA387DB00C63030 = {
			isa = PBXGroup;
			children = (
				57826BA81F29491800FB0414 /* Example */,
				3549BB161DA3890B00C63030 /* Sources */,
				3549BB191DA3890B00C63030 /* Tests */,
				3549BB061DA387DB00C63030 /* Products */,
				35CA2AD51E12933000147290 /* Configuration */,
				357D954B1DA3F2B400AEC55F /* Frameworks */,
				D40F7CFCBA999EA39095FA9A /* Pods */,
			);
			sourceTree = "<group>";
		};
		3549BB061DA387DB00C63030 /* Products */ = {
			isa = PBXGroup;
			children = (
				3549BB211DA389CD00C63030 /* RxASDataSources.framework */,
				57826BA71F29491800FB0414 /* Example.app */,
			);
			name = Products;
			sourceTree = "<group>";
		};
		3549BB161DA3890B00C63030 /* Sources */ = {
			isa = PBXGroup;
			children = (
				57A6501F1F1BF309005C7A79 /* Supporting Files */,
				57A64FF31F1BF28D005C7A79 /* DataSources */,
			);
			path = Sources;
			sourceTree = "<group>";
		};
		3549BB191DA3890B00C63030 /* Tests */ = {
			isa = PBXGroup;
			children = (
				3549BB8A1DA38C0A00C63030 /* RxTextureDataSourcesSpec.swift */,
				3549BB5B1DA38A8C00C63030 /* Supporting Files */,
			);
			path = Tests;
			sourceTree = "<group>";
		};
		3549BB5B1DA38A8C00C63030 /* Supporting Files */ = {
			isa = PBXGroup;
			children = (
				3549BB581DA38A8800C63030 /* Info.plist */,
			);
			name = "Supporting Files";
			sourceTree = "<group>";
		};
		357D954B1DA3F2B400AEC55F /* Frameworks */ = {
			isa = PBXGroup;
			children = (
				574265681F6424BE0059BD8F /* Differentiator.framework */,
				57E563091F28FECF002E825B /* RxDataSources.framework */,
				57E563071F28FEC4002E825B /* RxCocoa.framework */,
				57E563051F28FEBD002E825B /* RxSwift.framework */,
				57E563031F28FEB3002E825B /* AsyncDisplayKit.framework */,
				497271B10CB7AAE70BBDEAF0 /* Pods_Example.framework */,
				5D6F346FB9800367EA3FFEA5 /* Pods_RxTextureDataSources_iOS.framework */,
			);
			name = Frameworks;
			sourceTree = "<group>";
		};
		35CA2AD51E12933000147290 /* Configuration */ = {
			isa = PBXGroup;
			children = (
			);
			path = Configuration;
			sourceTree = "<group>";
		};
		57826BA81F29491800FB0414 /* Example */ = {
			isa = PBXGroup;
			children = (
				57826BA91F29491800FB0414 /* AppDelegate.swift */,
				57826BAB1F29491800FB0414 /* ViewController.swift */,
				57826BAD1F29491800FB0414 /* Main.storyboard */,
				57826BB01F29491800FB0414 /* Assets.xcassets */,
				57826BB21F29491800FB0414 /* LaunchScreen.storyboard */,
				57826BB51F29491800FB0414 /* Info.plist */,
			);
			path = Example;
			sourceTree = "<group>";
		};
		57A64FF31F1BF28D005C7A79 /* DataSources */ = {
			isa = PBXGroup;
			children = (
				57E5635D1F291597002E825B /* RxProxies */,
				57E5632A1F290649002E825B /* RxHelper */,
				57E5633E1F290718002E825B /* ASCollectionNode+Rx */,
				57E5633F1F290718002E825B /* ASTableNode+Rx */,
				57A64FFD1F1BF28D005C7A79 /* SectionedNodeType+BatchUpdate.swift */,
				57E563561F290FCD002E825B /* Array+Extensions.swift */,
				ACB28E03200524DB0076CAC5 /* AnimationTransition.swift */,
			);
			path = DataSources;
			sourceTree = "<group>";
		};
		57A6501F1F1BF309005C7A79 /* Supporting Files */ = {
			isa = PBXGroup;
			children = (
				57A650201F1BF309005C7A79 /* Info.plist */,
				57A650211F1BF309005C7A79 /* RxASDataSources.h */,
			);
			path = "Supporting Files";
			sourceTree = "<group>";
		};
		57E5632A1F290649002E825B /* RxHelper */ = {
			isa = PBXGroup;
			children = (
				57E5632B1F290656002E825B /* RxHelpers.swift */,
				57E5632D1F29066F002E825B /* ASDelegateProxy.swift */,
			);
			path = RxHelper;
			sourceTree = "<group>";
		};
		57E5633E1F290718002E825B /* ASCollectionNode+Rx */ = {
			isa = PBXGroup;
			children = (
				ACB28E0620052A2C0076CAC5 /* ASCollectionNode+Rx.swift */,
				57E563691F291A81002E825B /* ASCollectionNode+SectionViewType.swift */,
				57E563541F290B8D002E825B /* ASCollectionSectionedDataSource.swift */,
				57E563501F2907B3002E825B /* RxASCollectionDataSourceType.swift */,
				57E563661F29176A002E825B /* RxASCollectionAnimatedDataSource.swift */,
				57826B9F1F29477000FB0414 /* RxASCollectionReloadDataSource.swift */,
			);
			path = "ASCollectionNode+Rx";
			sourceTree = "<group>";
		};
		57E5633F1F290718002E825B /* ASTableNode+Rx */ = {
			isa = PBXGroup;
			children = (
				57826BB91F2949D900FB0414 /* ASTableNode+Rx.swift */,
				57E5636B1F291ACC002E825B /* ASTableNode+SectionedViewType.swift */,
				57E563411F290718002E825B /* ASTableSectionedDataSource.swift */,
				57E563441F290718002E825B /* RxASTableDataSourceType.swift */,
				57E563421F290718002E825B /* RxASTableAnimatedDataSource.swift */,
				57826BA11F29485500FB0414 /* RxASTableReloadDataSource.swift */,
			);
			path = "ASTableNode+Rx";
			sourceTree = "<group>";
		};
		57E5635D1F291597002E825B /* RxProxies */ = {
			isa = PBXGroup;
			children = (
				57E5635E1F291597002E825B /* RxASCollectionDataSourceProxy.swift */,
				57E5635F1F291597002E825B /* RxASCollectionDelegateProxy.swift */,
				57E563601F291597002E825B /* RxASTableDataSourceProxy.swift */,
				57E563611F291597002E825B /* RxASTableDelegateProxy.swift */,
			);
			path = RxProxies;
			sourceTree = "<group>";
		};
		D40F7CFCBA999EA39095FA9A /* Pods */ = {
			isa = PBXGroup;
			children = (
				342A8012D316E430EE7D864E /* Pods-Example.debug.xcconfig */,
				1D239F80A6333F998A90AF83 /* Pods-Example.release.xcconfig */,
			);
			name = Pods;
			sourceTree = "<group>";
		};
/* End PBXGroup section */

/* Begin PBXHeadersBuildPhase section */
		3549BB1E1DA389CD00C63030 /* Headers */ = {
			isa = PBXHeadersBuildPhase;
			buildActionMask = 2147483647;
			files = (
				57DE26A41F1C5B5600EC4CF6 /* RxASDataSources.h in Headers */,
			);
			runOnlyForDeploymentPostprocessing = 0;
		};
/* End PBXHeadersBuildPhase section */

/* Begin PBXNativeTarget section */
		3549BB201DA389CD00C63030 /* RxASDataSources */ = {
			isa = PBXNativeTarget;
			buildConfigurationList = 3549BB261DA389CD00C63030 /* Build configuration list for PBXNativeTarget "RxASDataSources" */;
			buildPhases = (
				3549BB1C1DA389CD00C63030 /* Sources */,
				3549BB1D1DA389CD00C63030 /* Frameworks */,
				3549BB1E1DA389CD00C63030 /* Headers */,
				3549BB1F1DA389CD00C63030 /* Resources */,
			);
			buildRules = (
			);
			dependencies = (
			);
			name = RxASDataSources;
			productName = "RxTextureDataSources-iOS";
			productReference = 3549BB211DA389CD00C63030 /* RxASDataSources.framework */;
			productType = "com.apple.product-type.framework";
		};
		57826BA61F29491800FB0414 /* Example */ = {
			isa = PBXNativeTarget;
			buildConfigurationList = 57826BB61F29491800FB0414 /* Build configuration list for PBXNativeTarget "Example" */;
			buildPhases = (
				DAF660CD4A78B5AD6D0C8067 /* [CP] Check Pods Manifest.lock */,
				57826BA31F29491800FB0414 /* Sources */,
				57826BA41F29491800FB0414 /* Frameworks */,
				57826BA51F29491800FB0414 /* Resources */,
				F287AD5C5D01FE15DAF7988F /* [CP] Embed Pods Frameworks */,
			);
			buildRules = (
			);
			dependencies = (
			);
			name = Example;
			productName = Example;
			productReference = 57826BA71F29491800FB0414 /* Example.app */;
			productType = "com.apple.product-type.application";
		};
/* End PBXNativeTarget section */

/* Begin PBXProject section */
		3549BAFC1DA387DB00C63030 /* Project object */ = {
			isa = PBXProject;
			attributes = {
				LastSwiftUpdateCheck = 0830;
				LastUpgradeCheck = 0920;
				ORGANIZATIONNAME = RxSwiftCommunity;
				TargetAttributes = {
					3549BB201DA389CD00C63030 = {
						CreatedOnToolsVersion = 8.0;
						LastSwiftMigration = 0920;
						ProvisioningStyle = Automatic;
					};
					57826BA61F29491800FB0414 = {
						CreatedOnToolsVersion = 8.3.2;
						ProvisioningStyle = Automatic;
					};
				};
			};
			buildConfigurationList = 3549BAFF1DA387DB00C63030 /* Build configuration list for PBXProject "RxASDataSources" */;
			compatibilityVersion = "Xcode 8.0";
			developmentRegion = English;
			hasScannedForEncodings = 0;
			knownRegions = (
				en,
				Base,
			);
			mainGroup = 3549BAFB1DA387DB00C63030;
			productRefGroup = 3549BB061DA387DB00C63030 /* Products */;
			projectDirPath = "";
			projectRoot = "";
			targets = (
				3549BB201DA389CD00C63030 /* RxASDataSources */,
				57826BA61F29491800FB0414 /* Example */,
			);
		};
/* End PBXProject section */

/* Begin PBXResourcesBuildPhase section */
		3549BB1F1DA389CD00C63030 /* Resources */ = {
			isa = PBXResourcesBuildPhase;
			buildActionMask = 2147483647;
			files = (
			);
			runOnlyForDeploymentPostprocessing = 0;
		};
		57826BA51F29491800FB0414 /* Resources */ = {
			isa = PBXResourcesBuildPhase;
			buildActionMask = 2147483647;
			files = (
				57826BB41F29491800FB0414 /* LaunchScreen.storyboard in Resources */,
				57826BB11F29491800FB0414 /* Assets.xcassets in Resources */,
				57826BAF1F29491800FB0414 /* Main.storyboard in Resources */,
			);
			runOnlyForDeploymentPostprocessing = 0;
		};
/* End PBXResourcesBuildPhase section */

/* Begin PBXShellScriptBuildPhase section */
		DAF660CD4A78B5AD6D0C8067 /* [CP] Check Pods Manifest.lock */ = {
			isa = PBXShellScriptBuildPhase;
			buildActionMask = 2147483647;
			files = (
			);
			inputPaths = (
				"${PODS_PODFILE_DIR_PATH}/Podfile.lock",
				"${PODS_ROOT}/Manifest.lock",
			);
			name = "[CP] Check Pods Manifest.lock";
			outputPaths = (
				"$(DERIVED_FILE_DIR)/Pods-Example-checkManifestLockResult.txt",
			);
			runOnlyForDeploymentPostprocessing = 0;
			shellPath = /bin/sh;
			shellScript = "diff \"${PODS_PODFILE_DIR_PATH}/Podfile.lock\" \"${PODS_ROOT}/Manifest.lock\" > /dev/null\nif [ $? != 0 ] ; then\n    # print error to STDERR\n    echo \"error: The sandbox is not in sync with the Podfile.lock. Run 'pod install' or update your CocoaPods installation.\" >&2\n    exit 1\nfi\n# This output is used by Xcode 'outputs' to avoid re-running this script phase.\necho \"SUCCESS\" > \"${SCRIPT_OUTPUT_FILE_0}\"\n";
			showEnvVarsInLog = 0;
		};
		F287AD5C5D01FE15DAF7988F /* [CP] Embed Pods Frameworks */ = {
			isa = PBXShellScriptBuildPhase;
			buildActionMask = 2147483647;
			files = (
			);
			inputPaths = (
				"${PODS_ROOT}/Target Support Files/Pods-Example/Pods-Example-frameworks.sh",
				"${BUILT_PRODUCTS_DIR}/Differentiator/Differentiator.framework",
				"${BUILT_PRODUCTS_DIR}/PINCache/PINCache.framework",
				"${BUILT_PRODUCTS_DIR}/PINOperation/PINOperation.framework",
				"${BUILT_PRODUCTS_DIR}/PINRemoteImage/PINRemoteImage.framework",
				"${BUILT_PRODUCTS_DIR}/RxCocoa/RxCocoa.framework",
				"${BUILT_PRODUCTS_DIR}/RxRelay/RxRelay.framework",
				"${BUILT_PRODUCTS_DIR}/RxSwift/RxSwift.framework",
				"${BUILT_PRODUCTS_DIR}/Texture/AsyncDisplayKit.framework",
			);
			name = "[CP] Embed Pods Frameworks";
			outputPaths = (
				"${TARGET_BUILD_DIR}/${FRAMEWORKS_FOLDER_PATH}/Differentiator.framework",
				"${TARGET_BUILD_DIR}/${FRAMEWORKS_FOLDER_PATH}/PINCache.framework",
				"${TARGET_BUILD_DIR}/${FRAMEWORKS_FOLDER_PATH}/PINOperation.framework",
				"${TARGET_BUILD_DIR}/${FRAMEWORKS_FOLDER_PATH}/PINRemoteImage.framework",
				"${TARGET_BUILD_DIR}/${FRAMEWORKS_FOLDER_PATH}/RxCocoa.framework",
				"${TARGET_BUILD_DIR}/${FRAMEWORKS_FOLDER_PATH}/RxRelay.framework",
				"${TARGET_BUILD_DIR}/${FRAMEWORKS_FOLDER_PATH}/RxSwift.framework",
				"${TARGET_BUILD_DIR}/${FRAMEWORKS_FOLDER_PATH}/AsyncDisplayKit.framework",
			);
			runOnlyForDeploymentPostprocessing = 0;
			shellPath = /bin/sh;
			shellScript = "\"${PODS_ROOT}/Target Support Files/Pods-Example/Pods-Example-frameworks.sh\"\n";
			showEnvVarsInLog = 0;
		};
/* End PBXShellScriptBuildPhase section */

/* Begin PBXSourcesBuildPhase section */
		3549BB1C1DA389CD00C63030 /* Sources */ = {
			isa = PBXSourcesBuildPhase;
			buildActionMask = 2147483647;
			files = (
				57E563511F2907B3002E825B /* RxASCollectionDataSourceType.swift in Sources */,
				57E563571F290FCD002E825B /* Array+Extensions.swift in Sources */,
				57E563491F290718002E825B /* RxASTableAnimatedDataSource.swift in Sources */,
				57E563481F290718002E825B /* ASTableSectionedDataSource.swift in Sources */,
				57E5636A1F291A81002E825B /* ASCollectionNode+SectionViewType.swift in Sources */,
				57826BA21F29485500FB0414 /* RxASTableReloadDataSource.swift in Sources */,
				57E563651F291597002E825B /* RxASTableDelegateProxy.swift in Sources */,
				57A650101F1BF28D005C7A79 /* SectionedNodeType+BatchUpdate.swift in Sources */,
				57E5634B1F290718002E825B /* RxASTableDataSourceType.swift in Sources */,
				ACB28E0720052A2C0076CAC5 /* ASCollectionNode+Rx.swift in Sources */,
				57E5632C1F290656002E825B /* RxHelpers.swift in Sources */,
				57826BBA1F2949D900FB0414 /* ASTableNode+Rx.swift in Sources */,
				ACB28E05200527CB0076CAC5 /* AnimationTransition.swift in Sources */,
				57E563671F29176A002E825B /* RxASCollectionAnimatedDataSource.swift in Sources */,
				57826BA01F29477000FB0414 /* RxASCollectionReloadDataSource.swift in Sources */,
				57E5632E1F29066F002E825B /* ASDelegateProxy.swift in Sources */,
				57E5636C1F291ACC002E825B /* ASTableNode+SectionedViewType.swift in Sources */,
				57E563641F291597002E825B /* RxASTableDataSourceProxy.swift in Sources */,
				57E563631F291597002E825B /* RxASCollectionDelegateProxy.swift in Sources */,
				57E563551F290B8D002E825B /* ASCollectionSectionedDataSource.swift in Sources */,
				57E563621F291597002E825B /* RxASCollectionDataSourceProxy.swift in Sources */,
			);
			runOnlyForDeploymentPostprocessing = 0;
		};
		57826BA31F29491800FB0414 /* Sources */ = {
			isa = PBXSourcesBuildPhase;
			buildActionMask = 2147483647;
			files = (
				57826BC91F294DD600FB0414 /* ASTableNode+Rx.swift in Sources */,
				ACB28E0820052B520076CAC5 /* ASCollectionNode+Rx.swift in Sources */,
				57826BCB1F294DD600FB0414 /* ASTableSectionedDataSource.swift in Sources */,
				57826BD01F294DD600FB0414 /* Array+Extensions.swift in Sources */,
				57826BC61F294DD200FB0414 /* RxASCollectionDataSourceType.swift in Sources */,
				57826BC81F294DD200FB0414 /* RxASCollectionReloadDataSource.swift in Sources */,
				57826BC71F294DD200FB0414 /* RxASCollectionAnimatedDataSource.swift in Sources */,
				57826BAC1F29491800FB0414 /* ViewController.swift in Sources */,
				57826BCA1F294DD600FB0414 /* ASTableNode+SectionedViewType.swift in Sources */,
				57826BC21F294DCF00FB0414 /* ASDelegateProxy.swift in Sources */,
				57826BC11F294DCF00FB0414 /* RxHelpers.swift in Sources */,
				57826BCF1F294DD600FB0414 /* SectionedNodeType+BatchUpdate.swift in Sources */,
				57826BD11F294E4F00FB0414 /* RxASTableReloadDataSource.swift in Sources */,
				57826BCD1F294DD600FB0414 /* RxASTableAnimatedDataSource.swift in Sources */,
				ACB28E0920052B570076CAC5 /* AnimationTransition.swift in Sources */,
				57826BBE1F294DC800FB0414 /* RxASCollectionDelegateProxy.swift in Sources */,
				57826BBF1F294DC800FB0414 /* RxASTableDataSourceProxy.swift in Sources */,
				57826BAA1F29491800FB0414 /* AppDelegate.swift in Sources */,
				57826BCC1F294DD600FB0414 /* RxASTableDataSourceType.swift in Sources */,
				57826BC51F294DD200FB0414 /* ASCollectionSectionedDataSource.swift in Sources */,
				57826BC01F294DC800FB0414 /* RxASTableDelegateProxy.swift in Sources */,
				57826BC41F294DD200FB0414 /* ASCollectionNode+SectionViewType.swift in Sources */,
				57826BBD1F294DC800FB0414 /* RxASCollectionDataSourceProxy.swift in Sources */,
			);
			runOnlyForDeploymentPostprocessing = 0;
		};
/* End PBXSourcesBuildPhase section */

/* Begin PBXVariantGroup section */
		57826BAD1F29491800FB0414 /* Main.storyboard */ = {
			isa = PBXVariantGroup;
			children = (
				57826BAE1F29491800FB0414 /* Base */,
			);
			name = Main.storyboard;
			sourceTree = "<group>";
		};
		57826BB21F29491800FB0414 /* LaunchScreen.storyboard */ = {
			isa = PBXVariantGroup;
			children = (
				57826BB31F29491800FB0414 /* Base */,
			);
			name = LaunchScreen.storyboard;
			sourceTree = "<group>";
		};
/* End PBXVariantGroup section */

/* Begin XCBuildConfiguration section */
		3549BB0B1DA387DB00C63030 /* Debug */ = {
			isa = XCBuildConfiguration;
			buildSettings = {
				ALWAYS_SEARCH_USER_PATHS = NO;
				CLANG_ANALYZER_NONNULL = YES;
				CLANG_CXX_LANGUAGE_STANDARD = "gnu++0x";
				CLANG_CXX_LIBRARY = "libc++";
				CLANG_ENABLE_MODULES = YES;
				CLANG_ENABLE_OBJC_ARC = YES;
				CLANG_WARN_BLOCK_CAPTURE_AUTORELEASING = YES;
				CLANG_WARN_BOOL_CONVERSION = YES;
				CLANG_WARN_COMMA = YES;
				CLANG_WARN_CONSTANT_CONVERSION = YES;
				CLANG_WARN_DIRECT_OBJC_ISA_USAGE = YES_ERROR;
				CLANG_WARN_DOCUMENTATION_COMMENTS = YES;
				CLANG_WARN_EMPTY_BODY = YES;
				CLANG_WARN_ENUM_CONVERSION = YES;
				CLANG_WARN_INFINITE_RECURSION = YES;
				CLANG_WARN_INT_CONVERSION = YES;
				CLANG_WARN_NON_LITERAL_NULL_CONVERSION = YES;
				CLANG_WARN_OBJC_LITERAL_CONVERSION = YES;
				CLANG_WARN_OBJC_ROOT_CLASS = YES_ERROR;
				CLANG_WARN_RANGE_LOOP_ANALYSIS = YES;
				CLANG_WARN_STRICT_PROTOTYPES = YES;
				CLANG_WARN_SUSPICIOUS_MOVE = YES;
				CLANG_WARN_SUSPICIOUS_MOVES = YES;
				CLANG_WARN_UNREACHABLE_CODE = YES;
				CLANG_WARN__DUPLICATE_METHOD_MATCH = YES;
				"CODE_SIGN_IDENTITY[sdk=iphoneos*]" = "iPhone Developer";
				COPY_PHASE_STRIP = NO;
				CURRENT_PROJECT_VERSION = 1;
				DEBUG_INFORMATION_FORMAT = dwarf;
				ENABLE_STRICT_OBJC_MSGSEND = YES;
				ENABLE_TESTABILITY = YES;
				GCC_C_LANGUAGE_STANDARD = gnu99;
				GCC_DYNAMIC_NO_PIC = NO;
				GCC_NO_COMMON_BLOCKS = YES;
				GCC_OPTIMIZATION_LEVEL = 0;
				GCC_PREPROCESSOR_DEFINITIONS = (
					"DEBUG=1",
					"$(inherited)",
				);
				GCC_WARN_64_TO_32_BIT_CONVERSION = YES;
				GCC_WARN_ABOUT_RETURN_TYPE = YES_ERROR;
				GCC_WARN_UNDECLARED_SELECTOR = YES;
				GCC_WARN_UNINITIALIZED_AUTOS = YES_AGGRESSIVE;
				GCC_WARN_UNUSED_FUNCTION = YES;
				GCC_WARN_UNUSED_VARIABLE = YES;
				IPHONEOS_DEPLOYMENT_TARGET = 8.0;
				MTL_ENABLE_DEBUG_INFO = YES;
				ONLY_ACTIVE_ARCH = YES;
				SDKROOT = iphoneos;
				SWIFT_ACTIVE_COMPILATION_CONDITIONS = DEBUG;
				SWIFT_OPTIMIZATION_LEVEL = "-Onone";
				SWIFT_VERSION = 4.0;
				TARGETED_DEVICE_FAMILY = "1,2";
				VERSIONING_SYSTEM = "apple-generic";
				VERSION_INFO_PREFIX = "";
			};
			name = Debug;
		};
		3549BB0C1DA387DB00C63030 /* Release */ = {
			isa = XCBuildConfiguration;
			buildSettings = {
				ALWAYS_SEARCH_USER_PATHS = NO;
				CLANG_ANALYZER_NONNULL = YES;
				CLANG_CXX_LANGUAGE_STANDARD = "gnu++0x";
				CLANG_CXX_LIBRARY = "libc++";
				CLANG_ENABLE_MODULES = YES;
				CLANG_ENABLE_OBJC_ARC = YES;
				CLANG_WARN_BLOCK_CAPTURE_AUTORELEASING = YES;
				CLANG_WARN_BOOL_CONVERSION = YES;
				CLANG_WARN_COMMA = YES;
				CLANG_WARN_CONSTANT_CONVERSION = YES;
				CLANG_WARN_DIRECT_OBJC_ISA_USAGE = YES_ERROR;
				CLANG_WARN_DOCUMENTATION_COMMENTS = YES;
				CLANG_WARN_EMPTY_BODY = YES;
				CLANG_WARN_ENUM_CONVERSION = YES;
				CLANG_WARN_INFINITE_RECURSION = YES;
				CLANG_WARN_INT_CONVERSION = YES;
				CLANG_WARN_NON_LITERAL_NULL_CONVERSION = YES;
				CLANG_WARN_OBJC_LITERAL_CONVERSION = YES;
				CLANG_WARN_OBJC_ROOT_CLASS = YES_ERROR;
				CLANG_WARN_RANGE_LOOP_ANALYSIS = YES;
				CLANG_WARN_STRICT_PROTOTYPES = YES;
				CLANG_WARN_SUSPICIOUS_MOVE = YES;
				CLANG_WARN_SUSPICIOUS_MOVES = YES;
				CLANG_WARN_UNREACHABLE_CODE = YES;
				CLANG_WARN__DUPLICATE_METHOD_MATCH = YES;
				"CODE_SIGN_IDENTITY[sdk=iphoneos*]" = "iPhone Developer";
				COPY_PHASE_STRIP = NO;
				CURRENT_PROJECT_VERSION = 1;
				DEBUG_INFORMATION_FORMAT = "dwarf-with-dsym";
				ENABLE_NS_ASSERTIONS = NO;
				ENABLE_STRICT_OBJC_MSGSEND = YES;
				GCC_C_LANGUAGE_STANDARD = gnu99;
				GCC_NO_COMMON_BLOCKS = YES;
				GCC_WARN_64_TO_32_BIT_CONVERSION = YES;
				GCC_WARN_ABOUT_RETURN_TYPE = YES_ERROR;
				GCC_WARN_UNDECLARED_SELECTOR = YES;
				GCC_WARN_UNINITIALIZED_AUTOS = YES_AGGRESSIVE;
				GCC_WARN_UNUSED_FUNCTION = YES;
				GCC_WARN_UNUSED_VARIABLE = YES;
				IPHONEOS_DEPLOYMENT_TARGET = 8.0;
				MTL_ENABLE_DEBUG_INFO = NO;
				SDKROOT = iphoneos;
				SWIFT_OPTIMIZATION_LEVEL = "-Owholemodule";
				SWIFT_VERSION = 4.0;
				TARGETED_DEVICE_FAMILY = "1,2";
				VALIDATE_PRODUCT = YES;
				VERSIONING_SYSTEM = "apple-generic";
				VERSION_INFO_PREFIX = "";
			};
			name = Release;
		};
		3549BB271DA389CD00C63030 /* Debug */ = {
			isa = XCBuildConfiguration;
			buildSettings = {
				CODE_SIGN_IDENTITY = "";
				DEFINES_MODULE = YES;
				DYLIB_COMPATIBILITY_VERSION = 1;
				DYLIB_CURRENT_VERSION = 1;
				DYLIB_INSTALL_NAME_BASE = "@rpath";
				INFOPLIST_FILE = "$(SRCROOT)/Sources/Supporting Files/Info.plist";
				INSTALL_PATH = "$(LOCAL_LIBRARY_DIR)/Frameworks";
				IPHONEOS_DEPLOYMENT_TARGET = 9.0;
				LD_RUNPATH_SEARCH_PATHS = "$(inherited) @executable_path/Frameworks @loader_path/Frameworks";
				PRODUCT_BUNDLE_IDENTIFIER = com.dangthaison91.RxASDataSources;
				PRODUCT_NAME = RxASDataSources;
				SKIP_INSTALL = YES;
				SWIFT_VERSION = 4.0;
			};
			name = Debug;
		};
		3549BB281DA389CD00C63030 /* Release */ = {
			isa = XCBuildConfiguration;
			buildSettings = {
				CODE_SIGN_IDENTITY = "";
				DEFINES_MODULE = YES;
				DYLIB_COMPATIBILITY_VERSION = 1;
				DYLIB_CURRENT_VERSION = 1;
				DYLIB_INSTALL_NAME_BASE = "@rpath";
				INFOPLIST_FILE = "$(SRCROOT)/Sources/Supporting Files/Info.plist";
				INSTALL_PATH = "$(LOCAL_LIBRARY_DIR)/Frameworks";
				IPHONEOS_DEPLOYMENT_TARGET = 9.0;
				LD_RUNPATH_SEARCH_PATHS = "$(inherited) @executable_path/Frameworks @loader_path/Frameworks";
				PRODUCT_BUNDLE_IDENTIFIER = com.dangthaison91.RxASDataSources;
				PRODUCT_NAME = RxASDataSources;
				SKIP_INSTALL = YES;
				SWIFT_VERSION = 4.0;
			};
			name = Release;
		};
		57826BB71F29491800FB0414 /* Debug */ = {
			isa = XCBuildConfiguration;
			baseConfigurationReference = 342A8012D316E430EE7D864E /* Pods-Example.debug.xcconfig */;
			buildSettings = {
				ASSETCATALOG_COMPILER_APPICON_NAME = AppIcon;
				CLANG_ANALYZER_NUMBER_OBJECT_CONVERSION = YES_AGGRESSIVE;
				"CODE_SIGN_IDENTITY[sdk=iphoneos*]" = "iPhone Developer";
				DEVELOPMENT_TEAM = MRS6F96DBN;
				FRAMEWORK_SEARCH_PATHS = (
					"$(inherited)",
					"$(PROJECT_DIR)/Carthage/Checkouts/RxSwift/build/Debug-iphoneos",
					"$(PROJECT_DIR)/Carthage/Checkouts/RxDataSources/build/Debug-iphoneos",
				);
				INFOPLIST_FILE = Example/Info.plist;
				IPHONEOS_DEPLOYMENT_TARGET = 8.0;
				LD_RUNPATH_SEARCH_PATHS = "$(inherited) @executable_path/Frameworks";
				PRODUCT_BUNDLE_IDENTIFIER = com.dangthaison91.Example;
				PRODUCT_NAME = "$(TARGET_NAME)";
				PROVISIONING_PROFILE_SPECIFIER = "";
				SWIFT_VERSION = 4.0;
			};
			name = Debug;
		};
		57826BB81F29491800FB0414 /* Release */ = {
			isa = XCBuildConfiguration;
			baseConfigurationReference = 1D239F80A6333F998A90AF83 /* Pods-Example.release.xcconfig */;
			buildSettings = {
				ASSETCATALOG_COMPILER_APPICON_NAME = AppIcon;
				CLANG_ANALYZER_NUMBER_OBJECT_CONVERSION = YES_AGGRESSIVE;
				"CODE_SIGN_IDENTITY[sdk=iphoneos*]" = "iPhone Developer";
				DEVELOPMENT_TEAM = MRS6F96DBN;
				FRAMEWORK_SEARCH_PATHS = (
					"$(inherited)",
					"$(PROJECT_DIR)/Carthage/Checkouts/RxSwift/build/Debug-iphoneos",
					"$(PROJECT_DIR)/Carthage/Checkouts/RxDataSources/build/Debug-iphoneos",
				);
				INFOPLIST_FILE = Example/Info.plist;
				IPHONEOS_DEPLOYMENT_TARGET = 8.0;
				LD_RUNPATH_SEARCH_PATHS = "$(inherited) @executable_path/Frameworks";
				PRODUCT_BUNDLE_IDENTIFIER = com.dangthaison91.Example;
				PRODUCT_NAME = "$(TARGET_NAME)";
				PROVISIONING_PROFILE_SPECIFIER = "";
				SWIFT_VERSION = 4.0;
			};
			name = Release;
		};
/* End XCBuildConfiguration section */

/* Begin XCConfigurationList section */
		3549BAFF1DA387DB00C63030 /* Build configuration list for PBXProject "RxASDataSources" */ = {
			isa = XCConfigurationList;
			buildConfigurations = (
				3549BB0B1DA387DB00C63030 /* Debug */,
				3549BB0C1DA387DB00C63030 /* Release */,
			);
			defaultConfigurationIsVisible = 0;
			defaultConfigurationName = Release;
		};
		3549BB261DA389CD00C63030 /* Build configuration list for PBXNativeTarget "RxASDataSources" */ = {
			isa = XCConfigurationList;
			buildConfigurations = (
				3549BB271DA389CD00C63030 /* Debug */,
				3549BB281DA389CD00C63030 /* Release */,
			);
			defaultConfigurationIsVisible = 0;
			defaultConfigurationName = Release;
		};
		57826BB61F29491800FB0414 /* Build configuration list for PBXNativeTarget "Example" */ = {
			isa = XCConfigurationList;
			buildConfigurations = (
				57826BB71F29491800FB0414 /* Debug */,
				57826BB81F29491800FB0414 /* Release */,
			);
			defaultConfigurationIsVisible = 0;
			defaultConfigurationName = Release;
		};
/* End XCConfigurationList section */
	};
	rootObject = 3549BAFC1DA387DB00C63030 /* Project object */;
}
